
Microsoft Visual Studio Solution File, Format Version 12.00
# Visual Studio Version 16
VisualStudioVersion = 16.0.30128.74
MinimumVisualStudioVersion = 10.0.40219.1
Project("{FAE04EC0-301F-11D3-BF4B-00C04F79EFBC}") = "genericos3_restricciones", "genericos3_restricciones.csproj", "{CDEFAD16-E24E-4E7F-8F65-455F10480FE2}"
EndProject
Global
	GlobalSection(SolutionConfigurationPlatforms) = preSolution
		Debug|Any CPU = Debug|Any CPU
		Release|Any CPU = Release|Any CPU
	EndGlobalSection
	GlobalSection(ProjectConfigurationPlatforms) = postSolution
		{CDEFAD16-E24E-4E7F-8F65-455F10480FE2}.Debug|Any CPU.ActiveCfg = Debug|Any CPU
		{CDEFAD16-E24E-4E7F-8F65-455F10480FE2}.Debug|Any CPU.Build.0 = Debug|Any CPU
		{CDEFAD16-E24E-4E7F-8F65-455F10480FE2}.Release|Any CPU.ActiveCfg = Release|Any CPU
		{CDEFAD16-E24E-4E7F-8F65-455F10480FE2}.Release|Any CPU.Build.0 = Release|Any CPU
	EndGlobalSection
	GlobalSection(SolutionProperties) = preSolution
		HideSolutionNode = FALSE
	EndGlobalSection
	GlobalSection(ExtensibilityGlobals) = postSolution
		SolutionGuid = {A49763F8-7CF0-4425-A07E-7A392785593D}
	EndGlobalSection
EndGlobal
