
Microsoft Visual Studio Solution File, Format Version 12.00
# Visual Studio Version 16
VisualStudioVersion = 16.0.29509.3
MinimumVisualStudioVersion = 10.0.40219.1
Project("{FAE04EC0-301F-11D3-BF4B-00C04F79EFBC}") = "UsoChecked", "UsoChecked.csproj", "{F153C20D-C601-48C0-B981-540F8A7C07B2}"
EndProject
Global
	GlobalSection(SolutionConfigurationPlatforms) = preSolution
		Debug|Any CPU = Debug|Any CPU
		Release|Any CPU = Release|Any CPU
	EndGlobalSection
	GlobalSection(ProjectConfigurationPlatforms) = postSolution
		{F153C20D-C601-48C0-B981-540F8A7C07B2}.Debug|Any CPU.ActiveCfg = Debug|Any CPU
		{F153C20D-C601-48C0-B981-540F8A7C07B2}.Debug|Any CPU.Build.0 = Debug|Any CPU
		{F153C20D-C601-48C0-B981-540F8A7C07B2}.Release|Any CPU.ActiveCfg = Release|Any CPU
		{F153C20D-C601-48C0-B981-540F8A7C07B2}.Release|Any CPU.Build.0 = Release|Any CPU
	EndGlobalSection
	GlobalSection(SolutionProperties) = preSolution
		HideSolutionNode = FALSE
	EndGlobalSection
	GlobalSection(ExtensibilityGlobals) = postSolution
		SolutionGuid = {C3136826-A755-4557-8653-1CBB12EACB99}
	EndGlobalSection
EndGlobal
