
Microsoft Visual Studio Solution File, Format Version 12.00
# Visual Studio Version 16
VisualStudioVersion = 16.0.29509.3
MinimumVisualStudioVersion = 10.0.40219.1
Project("{FAE04EC0-301F-11D3-BF4B-00C04F79EFBC}") = "Arrays5_BucleForeach", "Arrays5_BucleForeach.csproj", "{71FE2947-F975-4757-9F1D-D432328121FC}"
EndProject
Global
	GlobalSection(SolutionConfigurationPlatforms) = preSolution
		Debug|Any CPU = Debug|Any CPU
		Release|Any CPU = Release|Any CPU
	EndGlobalSection
	GlobalSection(ProjectConfigurationPlatforms) = postSolution
		{71FE2947-F975-4757-9F1D-D432328121FC}.Debug|Any CPU.ActiveCfg = Debug|Any CPU
		{71FE2947-F975-4757-9F1D-D432328121FC}.Debug|Any CPU.Build.0 = Debug|Any CPU
		{71FE2947-F975-4757-9F1D-D432328121FC}.Release|Any CPU.ActiveCfg = Release|Any CPU
		{71FE2947-F975-4757-9F1D-D432328121FC}.Release|Any CPU.Build.0 = Release|Any CPU
	EndGlobalSection
	GlobalSection(SolutionProperties) = preSolution
		HideSolutionNode = FALSE
	EndGlobalSection
	GlobalSection(ExtensibilityGlobals) = postSolution
		SolutionGuid = {DBC940FC-64CA-41D3-A121-349928CF5E18}
	EndGlobalSection
EndGlobal
