
Microsoft Visual Studio Solution File, Format Version 12.00
# Visual Studio Version 16
VisualStudioVersion = 16.0.30128.74
MinimumVisualStudioVersion = 10.0.40219.1
Project("{FAE04EC0-301F-11D3-BF4B-00C04F79EFBC}") = "propiedades2_Properties2", "propiedades2_Properties2.csproj", "{F40C70D8-86A8-4852-AFC6-A12950B0FFD8}"
EndProject
Global
	GlobalSection(SolutionConfigurationPlatforms) = preSolution
		Debug|Any CPU = Debug|Any CPU
		Release|Any CPU = Release|Any CPU
	EndGlobalSection
	GlobalSection(ProjectConfigurationPlatforms) = postSolution
		{F40C70D8-86A8-4852-AFC6-A12950B0FFD8}.Debug|Any CPU.ActiveCfg = Debug|Any CPU
		{F40C70D8-86A8-4852-AFC6-A12950B0FFD8}.Debug|Any CPU.Build.0 = Debug|Any CPU
		{F40C70D8-86A8-4852-AFC6-A12950B0FFD8}.Release|Any CPU.ActiveCfg = Release|Any CPU
		{F40C70D8-86A8-4852-AFC6-A12950B0FFD8}.Release|Any CPU.Build.0 = Release|Any CPU
	EndGlobalSection
	GlobalSection(SolutionProperties) = preSolution
		HideSolutionNode = FALSE
	EndGlobalSection
	GlobalSection(ExtensibilityGlobals) = postSolution
		SolutionGuid = {5DC7E505-947A-42E6-A934-CED658D18221}
	EndGlobalSection
EndGlobal
