
Microsoft Visual Studio Solution File, Format Version 12.00
# Visual Studio Version 16
VisualStudioVersion = 16.0.29509.3
MinimumVisualStudioVersion = 10.0.40219.1
Project("{FAE04EC0-301F-11D3-BF4B-00C04F79EFBC}") = "Herencia3_PrincipioConstitucion", "Herencia3_PrincipioConstitucion.csproj", "{71E65971-657B-451D-8482-0DD6A5CBF445}"
EndProject
Global
	GlobalSection(SolutionConfigurationPlatforms) = preSolution
		Debug|Any CPU = Debug|Any CPU
		Release|Any CPU = Release|Any CPU
	EndGlobalSection
	GlobalSection(ProjectConfigurationPlatforms) = postSolution
		{71E65971-657B-451D-8482-0DD6A5CBF445}.Debug|Any CPU.ActiveCfg = Debug|Any CPU
		{71E65971-657B-451D-8482-0DD6A5CBF445}.Debug|Any CPU.Build.0 = Debug|Any CPU
		{71E65971-657B-451D-8482-0DD6A5CBF445}.Release|Any CPU.ActiveCfg = Release|Any CPU
		{71E65971-657B-451D-8482-0DD6A5CBF445}.Release|Any CPU.Build.0 = Release|Any CPU
	EndGlobalSection
	GlobalSection(SolutionProperties) = preSolution
		HideSolutionNode = FALSE
	EndGlobalSection
	GlobalSection(ExtensibilityGlobals) = postSolution
		SolutionGuid = {A6E2DEB4-6167-460C-8D33-FD61570A1503}
	EndGlobalSection
EndGlobal
