
Microsoft Visual Studio Solution File, Format Version 12.00
# Visual Studio Version 16
VisualStudioVersion = 16.0.30128.74
MinimumVisualStudioVersion = 10.0.40219.1
Project("{FAE04EC0-301F-11D3-BF4B-00C04F79EFBC}") = "destructores1_GarbageCollection", "destructores1_GarbageCollection.csproj", "{61AE6493-A371-42A8-A8E1-90199FB8E7E7}"
EndProject
Global
	GlobalSection(SolutionConfigurationPlatforms) = preSolution
		Debug|Any CPU = Debug|Any CPU
		Release|Any CPU = Release|Any CPU
	EndGlobalSection
	GlobalSection(ProjectConfigurationPlatforms) = postSolution
		{61AE6493-A371-42A8-A8E1-90199FB8E7E7}.Debug|Any CPU.ActiveCfg = Debug|Any CPU
		{61AE6493-A371-42A8-A8E1-90199FB8E7E7}.Debug|Any CPU.Build.0 = Debug|Any CPU
		{61AE6493-A371-42A8-A8E1-90199FB8E7E7}.Release|Any CPU.ActiveCfg = Release|Any CPU
		{61AE6493-A371-42A8-A8E1-90199FB8E7E7}.Release|Any CPU.Build.0 = Release|Any CPU
	EndGlobalSection
	GlobalSection(SolutionProperties) = preSolution
		HideSolutionNode = FALSE
	EndGlobalSection
	GlobalSection(ExtensibilityGlobals) = postSolution
		SolutionGuid = {4BC196B9-00FC-4D06-BF28-D81C441D7584}
	EndGlobalSection
EndGlobal
