
Microsoft Visual Studio Solution File, Format Version 12.00
# Visual Studio Version 16
VisualStudioVersion = 16.0.29509.3
MinimumVisualStudioVersion = 10.0.40219.1
Project("{FAE04EC0-301F-11D3-BF4B-00C04F79EFBC}") = "Herencia", "Herencia.csproj", "{5E32F9FD-BD4E-4DE9-A7AA-FAC3311922CE}"
EndProject
Global
	GlobalSection(SolutionConfigurationPlatforms) = preSolution
		Debug|Any CPU = Debug|Any CPU
		Release|Any CPU = Release|Any CPU
	EndGlobalSection
	GlobalSection(ProjectConfigurationPlatforms) = postSolution
		{5E32F9FD-BD4E-4DE9-A7AA-FAC3311922CE}.Debug|Any CPU.ActiveCfg = Debug|Any CPU
		{5E32F9FD-BD4E-4DE9-A7AA-FAC3311922CE}.Debug|Any CPU.Build.0 = Debug|Any CPU
		{5E32F9FD-BD4E-4DE9-A7AA-FAC3311922CE}.Release|Any CPU.ActiveCfg = Release|Any CPU
		{5E32F9FD-BD4E-4DE9-A7AA-FAC3311922CE}.Release|Any CPU.Build.0 = Release|Any CPU
	EndGlobalSection
	GlobalSection(SolutionProperties) = preSolution
		HideSolutionNode = FALSE
	EndGlobalSection
	GlobalSection(ExtensibilityGlobals) = postSolution
		SolutionGuid = {6F67EA7E-8DF3-4A6F-8901-D5A8909B8ADC}
	EndGlobalSection
EndGlobal
