
Microsoft Visual Studio Solution File, Format Version 12.00
# Visual Studio Version 16
VisualStudioVersion = 16.0.29509.3
MinimumVisualStudioVersion = 10.0.40219.1
Project("{FAE04EC0-301F-11D3-BF4B-00C04F79EFBC}") = "lanzamientoExcepciones", "lanzamientoExcepciones.csproj", "{D7C86875-661D-4C2F-8D4C-091CC387CA42}"
EndProject
Global
	GlobalSection(SolutionConfigurationPlatforms) = preSolution
		Debug|Any CPU = Debug|Any CPU
		Release|Any CPU = Release|Any CPU
	EndGlobalSection
	GlobalSection(ProjectConfigurationPlatforms) = postSolution
		{D7C86875-661D-4C2F-8D4C-091CC387CA42}.Debug|Any CPU.ActiveCfg = Debug|Any CPU
		{D7C86875-661D-4C2F-8D4C-091CC387CA42}.Debug|Any CPU.Build.0 = Debug|Any CPU
		{D7C86875-661D-4C2F-8D4C-091CC387CA42}.Release|Any CPU.ActiveCfg = Release|Any CPU
		{D7C86875-661D-4C2F-8D4C-091CC387CA42}.Release|Any CPU.Build.0 = Release|Any CPU
	EndGlobalSection
	GlobalSection(SolutionProperties) = preSolution
		HideSolutionNode = FALSE
	EndGlobalSection
	GlobalSection(ExtensibilityGlobals) = postSolution
		SolutionGuid = {C5AEEF1B-6D7F-45F2-9CC3-92704F72B780}
	EndGlobalSection
EndGlobal
