
Microsoft Visual Studio Solution File, Format Version 12.00
# Visual Studio Version 16
VisualStudioVersion = 16.0.30128.74
MinimumVisualStudioVersion = 10.0.40219.1
Project("{FAE04EC0-301F-11D3-BF4B-00C04F79EFBC}") = "MVC1_Tutorial1", "MVC1_Tutorial1.csproj", "{57D907D9-1C3B-40DB-9F5E-931EE781834F}"
EndProject
Global
	GlobalSection(SolutionConfigurationPlatforms) = preSolution
		Debug|Any CPU = Debug|Any CPU
		Release|Any CPU = Release|Any CPU
	EndGlobalSection
	GlobalSection(ProjectConfigurationPlatforms) = postSolution
		{57D907D9-1C3B-40DB-9F5E-931EE781834F}.Debug|Any CPU.ActiveCfg = Debug|Any CPU
		{57D907D9-1C3B-40DB-9F5E-931EE781834F}.Debug|Any CPU.Build.0 = Debug|Any CPU
		{57D907D9-1C3B-40DB-9F5E-931EE781834F}.Release|Any CPU.ActiveCfg = Release|Any CPU
		{57D907D9-1C3B-40DB-9F5E-931EE781834F}.Release|Any CPU.Build.0 = Release|Any CPU
	EndGlobalSection
	GlobalSection(SolutionProperties) = preSolution
		HideSolutionNode = FALSE
	EndGlobalSection
	GlobalSection(ExtensibilityGlobals) = postSolution
		SolutionGuid = {AF951E4C-94C0-4DDE-8B67-2E2FC204953D}
	EndGlobalSection
EndGlobal
