
Microsoft Visual Studio Solution File, Format Version 12.00
# Visual Studio Version 16
VisualStudioVersion = 16.0.30128.74
MinimumVisualStudioVersion = 10.0.40219.1
Project("{FAE04EC0-301F-11D3-BF4B-00C04F79EFBC}") = "genericos2_II", "genericos2_II.csproj", "{6593751E-E12A-4AA0-9286-39A1B54B7637}"
EndProject
Global
	GlobalSection(SolutionConfigurationPlatforms) = preSolution
		Debug|Any CPU = Debug|Any CPU
		Release|Any CPU = Release|Any CPU
	EndGlobalSection
	GlobalSection(ProjectConfigurationPlatforms) = postSolution
		{6593751E-E12A-4AA0-9286-39A1B54B7637}.Debug|Any CPU.ActiveCfg = Debug|Any CPU
		{6593751E-E12A-4AA0-9286-39A1B54B7637}.Debug|Any CPU.Build.0 = Debug|Any CPU
		{6593751E-E12A-4AA0-9286-39A1B54B7637}.Release|Any CPU.ActiveCfg = Release|Any CPU
		{6593751E-E12A-4AA0-9286-39A1B54B7637}.Release|Any CPU.Build.0 = Release|Any CPU
	EndGlobalSection
	GlobalSection(SolutionProperties) = preSolution
		HideSolutionNode = FALSE
	EndGlobalSection
	GlobalSection(ExtensibilityGlobals) = postSolution
		SolutionGuid = {9CEF0743-07AE-474C-A16D-43E4E1713DF2}
	EndGlobalSection
EndGlobal
