
Microsoft Visual Studio Solution File, Format Version 12.00
# Visual Studio Version 16
VisualStudioVersion = 16.0.29509.3
MinimumVisualStudioVersion = 10.0.40219.1
Project("{FAE04EC0-301F-11D3-BF4B-00C04F79EFBC}") = "Arrays6_ConParametros", "Arrays6_ConParametros.csproj", "{761B59A0-F780-415F-BC66-63096B7004CD}"
EndProject
Global
	GlobalSection(SolutionConfigurationPlatforms) = preSolution
		Debug|Any CPU = Debug|Any CPU
		Release|Any CPU = Release|Any CPU
	EndGlobalSection
	GlobalSection(ProjectConfigurationPlatforms) = postSolution
		{761B59A0-F780-415F-BC66-63096B7004CD}.Debug|Any CPU.ActiveCfg = Debug|Any CPU
		{761B59A0-F780-415F-BC66-63096B7004CD}.Debug|Any CPU.Build.0 = Debug|Any CPU
		{761B59A0-F780-415F-BC66-63096B7004CD}.Release|Any CPU.ActiveCfg = Release|Any CPU
		{761B59A0-F780-415F-BC66-63096B7004CD}.Release|Any CPU.Build.0 = Release|Any CPU
	EndGlobalSection
	GlobalSection(SolutionProperties) = preSolution
		HideSolutionNode = FALSE
	EndGlobalSection
	GlobalSection(ExtensibilityGlobals) = postSolution
		SolutionGuid = {EA3BD7DA-B9EC-4ECA-8FE3-64B971BBFFDE}
	EndGlobalSection
EndGlobal
